
Microsoft Visual Studio Solution File, Format Version 12.00
# Visual Studio Version 16
VisualStudioVersion = 16.0.31205.134
MinimumVisualStudioVersion = 10.0.40219.1
Project("{8BC9CEB8-8B4A-11D0-8D11-00A0C91BC942}") = "test", "test.vcxproj", "{1D009B6E-2F54-4AFA-8A98-17E3C2F2F6BB}"
EndProject
Project("{8BC9CEB8-8B4A-11D0-8D11-00A0C91BC942}") = "chart2", "..\chart2\chart2.vcxproj", "{3E2A5898-8B3F-4DF0-A715-A6AD4A4FF485}"
EndProject
Project("{8BC9CEB8-8B4A-11D0-8D11-00A0C91BC942}") = "chart3", "..\chart3\chart3.vcxproj", "{08F4BC10-662A-4DD5-A1A7-081EE06D3CC0}"
EndProject
Project("{8BC9CEB8-8B4A-11D0-8D11-00A0C91BC942}") = "chart4", "..\chart4\chart4.vcxproj", "{81E0FC6C-410B-49E9-85A0-1D4C9FDE2878}"
EndProject
Project("{8BC9CEB8-8B4A-11D0-8D11-00A0C91BC942}") = "chart5", "..\chart5\chart5.vcxproj", "{FA8625F9-9607-4B46-A821-0BD770DD152C}"
EndProject
Project("{8BC9CEB8-8B4A-11D0-8D11-00A0C91BC942}") = "chart7", "..\chart7\chart7.vcxproj", "{1F010FA7-ACC9-4ACF-9F2D-C1FCC42C39FE}"
EndProject
Project("{8BC9CEB8-8B4A-11D0-8D11-00A0C91BC942}") = "chart8", "..\chart8\chart8.vcxproj", "{7AFCB17A-4E5A-4529-AAA3-FB3C4546C5AC}"
EndProject
Project("{8BC9CEB8-8B4A-11D0-8D11-00A0C91BC942}") = "chart6", "..\chart6\Project1.vcxproj", "{11CCE92B-55E1-430D-A535-53C233FB3AFF}"
EndProject
Project("{8BC9CEB8-8B4A-11D0-8D11-00A0C91BC942}") = "chart9", "..\chart9\chart9.vcxproj", "{FF482D7A-DEB4-4B3D-9800-C481380DF8DB}"
EndProject
Project("{8BC9CEB8-8B4A-11D0-8D11-00A0C91BC942}") = "chart11", "..\chart11\chart11.vcxproj", "{8A45F8CE-0F4B-4D33-A1A3-B078EF9B7A9D}"
EndProject
Project("{8BC9CEB8-8B4A-11D0-8D11-00A0C91BC942}") = "chart12", "..\chart12\chart12.vcxproj", "{81C50C2F-3E8D-42AE-BF77-209A2B140EAA}"
EndProject
Project("{8BC9CEB8-8B4A-11D0-8D11-00A0C91BC942}") = "chart13", "..\chart13\chart13.vcxproj", "{E8C3D8AF-DD9B-43BF-9456-1828D9575E4B}"
EndProject
Global
	GlobalSection(SolutionConfigurationPlatforms) = preSolution
		Debug|x64 = Debug|x64
		Debug|x86 = Debug|x86
		Release|x64 = Release|x64
		Release|x86 = Release|x86
	EndGlobalSection
	GlobalSection(ProjectConfigurationPlatforms) = postSolution
		{1D009B6E-2F54-4AFA-8A98-17E3C2F2F6BB}.Debug|x64.ActiveCfg = Debug|x64
		{1D009B6E-2F54-4AFA-8A98-17E3C2F2F6BB}.Debug|x64.Build.0 = Debug|x64
		{1D009B6E-2F54-4AFA-8A98-17E3C2F2F6BB}.Debug|x86.ActiveCfg = Debug|Win32
		{1D009B6E-2F54-4AFA-8A98-17E3C2F2F6BB}.Debug|x86.Build.0 = Debug|Win32
		{1D009B6E-2F54-4AFA-8A98-17E3C2F2F6BB}.Release|x64.ActiveCfg = Release|x64
		{1D009B6E-2F54-4AFA-8A98-17E3C2F2F6BB}.Release|x64.Build.0 = Release|x64
		{1D009B6E-2F54-4AFA-8A98-17E3C2F2F6BB}.Release|x86.ActiveCfg = Release|Win32
		{1D009B6E-2F54-4AFA-8A98-17E3C2F2F6BB}.Release|x86.Build.0 = Release|Win32
		{3E2A5898-8B3F-4DF0-A715-A6AD4A4FF485}.Debug|x64.ActiveCfg = Debug|x64
		{3E2A5898-8B3F-4DF0-A715-A6AD4A4FF485}.Debug|x64.Build.0 = Debug|x64
		{3E2A5898-8B3F-4DF0-A715-A6AD4A4FF485}.Debug|x86.ActiveCfg = Debug|Win32
		{3E2A5898-8B3F-4DF0-A715-A6AD4A4FF485}.Debug|x86.Build.0 = Debug|Win32
		{3E2A5898-8B3F-4DF0-A715-A6AD4A4FF485}.Release|x64.ActiveCfg = Release|x64
		{3E2A5898-8B3F-4DF0-A715-A6AD4A4FF485}.Release|x64.Build.0 = Release|x64
		{3E2A5898-8B3F-4DF0-A715-A6AD4A4FF485}.Release|x86.ActiveCfg = Release|Win32
		{3E2A5898-8B3F-4DF0-A715-A6AD4A4FF485}.Release|x86.Build.0 = Release|Win32
		{08F4BC10-662A-4DD5-A1A7-081EE06D3CC0}.Debug|x64.ActiveCfg = Debug|x64
		{08F4BC10-662A-4DD5-A1A7-081EE06D3CC0}.Debug|x64.Build.0 = Debug|x64
		{08F4BC10-662A-4DD5-A1A7-081EE06D3CC0}.Debug|x86.ActiveCfg = Debug|Win32
		{08F4BC10-662A-4DD5-A1A7-081EE06D3CC0}.Debug|x86.Build.0 = Debug|Win32
		{08F4BC10-662A-4DD5-A1A7-081EE06D3CC0}.Release|x64.ActiveCfg = Release|x64
		{08F4BC10-662A-4DD5-A1A7-081EE06D3CC0}.Release|x64.Build.0 = Release|x64
		{08F4BC10-662A-4DD5-A1A7-081EE06D3CC0}.Release|x86.ActiveCfg = Release|Win32
		{08F4BC10-662A-4DD5-A1A7-081EE06D3CC0}.Release|x86.Build.0 = Release|Win32
		{81E0FC6C-410B-49E9-85A0-1D4C9FDE2878}.Debug|x64.ActiveCfg = Debug|x64
		{81E0FC6C-410B-49E9-85A0-1D4C9FDE2878}.Debug|x64.Build.0 = Debug|x64
		{81E0FC6C-410B-49E9-85A0-1D4C9FDE2878}.Debug|x86.ActiveCfg = Debug|Win32
		{81E0FC6C-410B-49E9-85A0-1D4C9FDE2878}.Debug|x86.Build.0 = Debug|Win32
		{81E0FC6C-410B-49E9-85A0-1D4C9FDE2878}.Release|x64.ActiveCfg = Release|x64
		{81E0FC6C-410B-49E9-85A0-1D4C9FDE2878}.Release|x64.Build.0 = Release|x64
		{81E0FC6C-410B-49E9-85A0-1D4C9FDE2878}.Release|x86.ActiveCfg = Release|Win32
		{81E0FC6C-410B-49E9-85A0-1D4C9FDE2878}.Release|x86.Build.0 = Release|Win32
		{FA8625F9-9607-4B46-A821-0BD770DD152C}.Debug|x64.ActiveCfg = Debug|x64
		{FA8625F9-9607-4B46-A821-0BD770DD152C}.Debug|x64.Build.0 = Debug|x64
		{FA8625F9-9607-4B46-A821-0BD770DD152C}.Debug|x86.ActiveCfg = Debug|Win32
		{FA8625F9-9607-4B46-A821-0BD770DD152C}.Debug|x86.Build.0 = Debug|Win32
		{FA8625F9-9607-4B46-A821-0BD770DD152C}.Release|x64.ActiveCfg = Release|x64
		{FA8625F9-9607-4B46-A821-0BD770DD152C}.Release|x64.Build.0 = Release|x64
		{FA8625F9-9607-4B46-A821-0BD770DD152C}.Release|x86.ActiveCfg = Release|Win32
		{FA8625F9-9607-4B46-A821-0BD770DD152C}.Release|x86.Build.0 = Release|Win32
		{1F010FA7-ACC9-4ACF-9F2D-C1FCC42C39FE}.Debug|x64.ActiveCfg = Debug|x64
		{1F010FA7-ACC9-4ACF-9F2D-C1FCC42C39FE}.Debug|x64.Build.0 = Debug|x64
		{1F010FA7-ACC9-4ACF-9F2D-C1FCC42C39FE}.Debug|x86.ActiveCfg = Debug|Win32
		{1F010FA7-ACC9-4ACF-9F2D-C1FCC42C39FE}.Debug|x86.Build.0 = Debug|Win32
		{1F010FA7-ACC9-4ACF-9F2D-C1FCC42C39FE}.Release|x64.ActiveCfg = Release|x64
		{1F010FA7-ACC9-4ACF-9F2D-C1FCC42C39FE}.Release|x64.Build.0 = Release|x64
		{1F010FA7-ACC9-4ACF-9F2D-C1FCC42C39FE}.Release|x86.ActiveCfg = Release|Win32
		{1F010FA7-ACC9-4ACF-9F2D-C1FCC42C39FE}.Release|x86.Build.0 = Release|Win32
		{7AFCB17A-4E5A-4529-AAA3-FB3C4546C5AC}.Debug|x64.ActiveCfg = Debug|x64
		{7AFCB17A-4E5A-4529-AAA3-FB3C4546C5AC}.Debug|x64.Build.0 = Debug|x64
		{7AFCB17A-4E5A-4529-AAA3-FB3C4546C5AC}.Debug|x86.ActiveCfg = Debug|Win32
		{7AFCB17A-4E5A-4529-AAA3-FB3C4546C5AC}.Debug|x86.Build.0 = Debug|Win32
		{7AFCB17A-4E5A-4529-AAA3-FB3C4546C5AC}.Release|x64.ActiveCfg = Release|x64
		{7AFCB17A-4E5A-4529-AAA3-FB3C4546C5AC}.Release|x64.Build.0 = Release|x64
		{7AFCB17A-4E5A-4529-AAA3-FB3C4546C5AC}.Release|x86.ActiveCfg = Release|Win32
		{7AFCB17A-4E5A-4529-AAA3-FB3C4546C5AC}.Release|x86.Build.0 = Release|Win32
		{11CCE92B-55E1-430D-A535-53C233FB3AFF}.Debug|x64.ActiveCfg = Debug|x64
		{11CCE92B-55E1-430D-A535-53C233FB3AFF}.Debug|x64.Build.0 = Debug|x64
		{11CCE92B-55E1-430D-A535-53C233FB3AFF}.Debug|x86.ActiveCfg = Debug|Win32
		{11CCE92B-55E1-430D-A535-53C233FB3AFF}.Debug|x86.Build.0 = Debug|Win32
		{11CCE92B-55E1-430D-A535-53C233FB3AFF}.Release|x64.ActiveCfg = Release|x64
		{11CCE92B-55E1-430D-A535-53C233FB3AFF}.Release|x64.Build.0 = Release|x64
		{11CCE92B-55E1-430D-A535-53C233FB3AFF}.Release|x86.ActiveCfg = Release|Win32
		{11CCE92B-55E1-430D-A535-53C233FB3AFF}.Release|x86.Build.0 = Release|Win32
		{FF482D7A-DEB4-4B3D-9800-C481380DF8DB}.Debug|x64.ActiveCfg = Debug|x64
		{FF482D7A-DEB4-4B3D-9800-C481380DF8DB}.Debug|x64.Build.0 = Debug|x64
		{FF482D7A-DEB4-4B3D-9800-C481380DF8DB}.Debug|x86.ActiveCfg = Debug|Win32
		{FF482D7A-DEB4-4B3D-9800-C481380DF8DB}.Debug|x86.Build.0 = Debug|Win32
		{FF482D7A-DEB4-4B3D-9800-C481380DF8DB}.Release|x64.ActiveCfg = Release|x64
		{FF482D7A-DEB4-4B3D-9800-C481380DF8DB}.Release|x64.Build.0 = Release|x64
		{FF482D7A-DEB4-4B3D-9800-C481380DF8DB}.Release|x86.ActiveCfg = Release|Win32
		{FF482D7A-DEB4-4B3D-9800-C481380DF8DB}.Release|x86.Build.0 = Release|Win32
		{8A45F8CE-0F4B-4D33-A1A3-B078EF9B7A9D}.Debug|x64.ActiveCfg = Debug|x64
		{8A45F8CE-0F4B-4D33-A1A3-B078EF9B7A9D}.Debug|x64.Build.0 = Debug|x64
		{8A45F8CE-0F4B-4D33-A1A3-B078EF9B7A9D}.Debug|x86.ActiveCfg = Debug|Win32
		{8A45F8CE-0F4B-4D33-A1A3-B078EF9B7A9D}.Debug|x86.Build.0 = Debug|Win32
		{8A45F8CE-0F4B-4D33-A1A3-B078EF9B7A9D}.Release|x64.ActiveCfg = Release|x64
		{8A45F8CE-0F4B-4D33-A1A3-B078EF9B7A9D}.Release|x64.Build.0 = Release|x64
		{8A45F8CE-0F4B-4D33-A1A3-B078EF9B7A9D}.Release|x86.ActiveCfg = Release|Win32
		{8A45F8CE-0F4B-4D33-A1A3-B078EF9B7A9D}.Release|x86.Build.0 = Release|Win32
		{81C50C2F-3E8D-42AE-BF77-209A2B140EAA}.Debug|x64.ActiveCfg = Debug|x64
		{81C50C2F-3E8D-42AE-BF77-209A2B140EAA}.Debug|x64.Build.0 = Debug|x64
		{81C50C2F-3E8D-42AE-BF77-209A2B140EAA}.Debug|x86.ActiveCfg = Debug|Win32
		{81C50C2F-3E8D-42AE-BF77-209A2B140EAA}.Debug|x86.Build.0 = Debug|Win32
		{81C50C2F-3E8D-42AE-BF77-209A2B140EAA}.Release|x64.ActiveCfg = Release|x64
		{81C50C2F-3E8D-42AE-BF77-209A2B140EAA}.Release|x64.Build.0 = Release|x64
		{81C50C2F-3E8D-42AE-BF77-209A2B140EAA}.Release|x86.ActiveCfg = Release|Win32
		{81C50C2F-3E8D-42AE-BF77-209A2B140EAA}.Release|x86.Build.0 = Release|Win32
		{E8C3D8AF-DD9B-43BF-9456-1828D9575E4B}.Debug|x64.ActiveCfg = Debug|x64
		{E8C3D8AF-DD9B-43BF-9456-1828D9575E4B}.Debug|x64.Build.0 = Debug|x64
		{E8C3D8AF-DD9B-43BF-9456-1828D9575E4B}.Debug|x86.ActiveCfg = Debug|Win32
		{E8C3D8AF-DD9B-43BF-9456-1828D9575E4B}.Debug|x86.Build.0 = Debug|Win32
		{E8C3D8AF-DD9B-43BF-9456-1828D9575E4B}.Release|x64.ActiveCfg = Release|x64
		{E8C3D8AF-DD9B-43BF-9456-1828D9575E4B}.Release|x64.Build.0 = Release|x64
		{E8C3D8AF-DD9B-43BF-9456-1828D9575E4B}.Release|x86.ActiveCfg = Release|Win32
		{E8C3D8AF-DD9B-43BF-9456-1828D9575E4B}.Release|x86.Build.0 = Release|Win32
	EndGlobalSection
	GlobalSection(SolutionProperties) = preSolution
		HideSolutionNode = FALSE
	EndGlobalSection
	GlobalSection(ExtensibilityGlobals) = postSolution
		SolutionGuid = {0160700F-1F5D-4C2C-9EF2-5FF8F64FC14D}
	EndGlobalSection
EndGlobal
